
Microsoft Visual Studio Solution File, Format Version 12.00
# Visual Studio 15
VisualStudioVersion = 15.0.28307.438
MinimumVisualStudioVersion = 10.0.40219.1
Project("{FAE04EC0-301F-11D3-BF4B-00C04F79EFBC}") = "WindowsFormsApp1", "WindowsFormsApp1\WindowsFormsApp1.csproj", "{77DFF3B8-B124-41E5-B99D-8CB681E64558}"
EndProject
Global
	GlobalSection(SolutionConfigurationPlatforms) = preSolution
		Debug|Any CPU = Debug|Any CPU
		Release|Any CPU = Release|Any CPU
	EndGlobalSection
	GlobalSection(ProjectConfigurationPlatforms) = postSolution
		{77DFF3B8-B124-41E5-B99D-8CB681E64558}.Debug|Any CPU.ActiveCfg = Debug|Any CPU
		{77DFF3B8-B124-41E5-B99D-8CB681E64558}.Debug|Any CPU.Build.0 = Debug|Any CPU
		{77DFF3B8-B124-41E5-B99D-8CB681E64558}.Release|Any CPU.ActiveCfg = Release|Any CPU
		{77DFF3B8-B124-41E5-B99D-8CB681E64558}.Release|Any CPU.Build.0 = Release|Any CPU
	EndGlobalSection
	GlobalSection(SolutionProperties) = preSolution
		HideSolutionNode = FALSE
	EndGlobalSection
	GlobalSection(ExtensibilityGlobals) = postSolution
		SolutionGuid = {2F6093E1-0D26-4F3C-9493-2EFA296B0606}
	EndGlobalSection
EndGlobal
