
Microsoft Visual Studio Solution File, Format Version 12.00
# Visual Studio 15
VisualStudioVersion = 15.0.28307.421
MinimumVisualStudioVersion = 10.0.40219.1
Project("{FAE04EC0-301F-11D3-BF4B-00C04F79EFBC}") = "Sag_Sol_Yukari_Asagi", "Sag_Sol_Yukari_Asagi\Sag_Sol_Yukari_Asagi.csproj", "{8019E57B-3285-4328-88E0-CD75DF8C6E18}"
EndProject
Global
	GlobalSection(SolutionConfigurationPlatforms) = preSolution
		Debug|Any CPU = Debug|Any CPU
		Release|Any CPU = Release|Any CPU
	EndGlobalSection
	GlobalSection(ProjectConfigurationPlatforms) = postSolution
		{8019E57B-3285-4328-88E0-CD75DF8C6E18}.Debug|Any CPU.ActiveCfg = Debug|Any CPU
		{8019E57B-3285-4328-88E0-CD75DF8C6E18}.Debug|Any CPU.Build.0 = Debug|Any CPU
		{8019E57B-3285-4328-88E0-CD75DF8C6E18}.Release|Any CPU.ActiveCfg = Release|Any CPU
		{8019E57B-3285-4328-88E0-CD75DF8C6E18}.Release|Any CPU.Build.0 = Release|Any CPU
	EndGlobalSection
	GlobalSection(SolutionProperties) = preSolution
		HideSolutionNode = FALSE
	EndGlobalSection
	GlobalSection(ExtensibilityGlobals) = postSolution
		SolutionGuid = {9047832C-2042-494A-B556-52AB7127849A}
	EndGlobalSection
EndGlobal
